// !$*UTF8*$!
{
	archiveVersion = 1;
	classes = {
	};
	objectVersion = 52;
	objects = {

/* Begin PBXBuildFile section */
		8C2E842522A15F5C00312EF9 /* AppDelegate.swift in Sources */ = {isa = PBXBuildFile; fileRef = 8C2E842422A15F5C00312EF9 /* AppDelegate.swift */; };
		8C2E842722A15F5C00312EF9 /* ViewController.swift in Sources */ = {isa = PBXBuildFile; fileRef = 8C2E842622A15F5C00312EF9 /* ViewController.swift */; };
		8C2E842A22A15F5C00312EF9 /* Main.storyboard in Resources */ = {isa = PBXBuildFile; fileRef = 8C2E842822A15F5C00312EF9 /* Main.storyboard */; };
		8C2E842C22A15F5E00312EF9 /* Assets.xcassets in Resources */ = {isa = PBXBuildFile; fileRef = 8C2E842B22A15F5E00312EF9 /* Assets.xcassets */; };
		8C2E842F22A15F5E00312EF9 /* LaunchScreen.storyboard in Resources */ = {isa = PBXBuildFile; fileRef = 8C2E842D22A15F5E00312EF9 /* LaunchScreen.storyboard */; };
		8C2E843B22A1688700312EF9 /* noFacil.ogg in Resources */ = {isa = PBXBuildFile; fileRef = 8C2E843622A1688600312EF9 /* noFacil.ogg */; };
		8C2E843C22A1688700312EF9 /* noQuiero.ogg in Resources */ = {isa = PBXBuildFile; fileRef = 8C2E843722A1688600312EF9 /* noQuiero.ogg */; };
		8C2E843D22A1688700312EF9 /* olvidala.ogg in Resources */ = {isa = PBXBuildFile; fileRef = 8C2E843822A1688700312EF9 /* olvidala.ogg */; };
		8C2E843E22A1688700312EF9 /* intentalo.ogg in Resources */ = {isa = PBXBuildFile; fileRef = 8C2E843922A1688700312EF9 /* intentalo.ogg */; };
		8C2E843F22A1688700312EF9 /* 1000heridas.ogg in Resources */ = {isa = PBXBuildFile; fileRef = 8C2E843A22A1688700312EF9 /* 1000heridas.ogg */; };
/* End PBXBuildFile section */

/* Begin PBXFileReference section */
		8C2E842122A15F5C00312EF9 /* Vallenato.app */ = {isa = PBXFileReference; explicitFileType = wrapper.application; includeInIndex = 0; path = Vallenato.app; sourceTree = BUILT_PRODUCTS_DIR; };
		8C2E842422A15F5C00312EF9 /* AppDelegate.swift */ = {isa = PBXFileReference; lastKnownFileType = sourcecode.swift; path = AppDelegate.swift; sourceTree = "<group>"; };
		8C2E842622A15F5C00312EF9 /* ViewController.swift */ = {isa = PBXFileReference; lastKnownFileType = sourcecode.swift; path = ViewController.swift; sourceTree = "<group>"; };
		8C2E842922A15F5C00312EF9 /* Base */ = {isa = PBXFileReference; lastKnownFileType = file.storyboard; name = Base; path = Base.lproj/Main.storyboard; sourceTree = "<group>"; };
		8C2E842B22A15F5E00312EF9 /* Assets.xcassets */ = {isa = PBXFileReference; lastKnownFileType = folder.assetcatalog; path = Assets.xcassets; sourceTree = "<group>"; };
		8C2E842E22A15F5E00312EF9 /* Base */ = {isa = PBXFileReference; lastKnownFileType = file.storyboard; name = Base; path = Base.lproj/LaunchScreen.storyboard; sourceTree = "<group>"; };
		8C2E843022A15F5E00312EF9 /* Info.plist */ = {isa = PBXFileReference; lastKnownFileType = text.plist.xml; path = Info.plist; sourceTree = "<group>"; };
		8C2E843622A1688600312EF9 /* noFacil.ogg */ = {isa = PBXFileReference; lastKnownFileType = file; path = noFacil.ogg; sourceTree = "<group>"; };
		8C2E843722A1688600312EF9 /* noQuiero.ogg */ = {isa = PBXFileReference; lastKnownFileType = file; path = noQuiero.ogg; sourceTree = "<group>"; };
		8C2E843822A1688700312EF9 /* olvidala.ogg */ = {isa = PBXFileReference; lastKnownFileType = file; path = olvidala.ogg; sourceTree = "<group>"; };
		8C2E843922A1688700312EF9 /* intentalo.ogg */ = {isa = PBXFileReference; lastKnownFileType = file; path = intentalo.ogg; sourceTree = "<group>"; };
		8C2E843A22A1688700312EF9 /* 1000heridas.ogg */ = {isa = PBXFileReference; lastKnownFileType = file; path = 1000heridas.ogg; sourceTree = "<group>"; };
/* End PBXFileReference section */

/* Begin PBXFrameworksBuildPhase section */
		8C2E841E22A15F5C00312EF9 /* Frameworks */ = {
			isa = PBXFrameworksBuildPhase;
			buildActionMask = 2147483647;
			files = (
			);
			runOnlyForDeploymentPostprocessing = 0;
		};
/* End PBXFrameworksBuildPhase section */

/* Begin PBXGroup section */
		8C2E841822A15F5C00312EF9 = {
			isa = PBXGroup;
			children = (
				8C2E842322A15F5C00312EF9 /* Vallenato */,
				8C2E842222A15F5C00312EF9 /* Products */,
			);
			sourceTree = "<group>";
			usesTabs = 1;
		};
		8C2E842222A15F5C00312EF9 /* Products */ = {
			isa = PBXGroup;
			children = (
				8C2E842122A15F5C00312EF9 /* Vallenato.app */,
			);
			name = Products;
			sourceTree = "<group>";
		};
		8C2E842322A15F5C00312EF9 /* Vallenato */ = {
			isa = PBXGroup;
			children = (
				8C2E842422A15F5C00312EF9 /* AppDelegate.swift */,
				8C2E842622A15F5C00312EF9 /* ViewController.swift */,
				8C2E842822A15F5C00312EF9 /* Main.storyboard */,
				8C2E842B22A15F5E00312EF9 /* Assets.xcassets */,
				8C2E842D22A15F5E00312EF9 /* LaunchScreen.storyboard */,
				8C2E843022A15F5E00312EF9 /* Info.plist */,
				8C2E844022A1689300312EF9 /* Sound Files */,
			);
			path = Vallenato;
			sourceTree = "<group>";
		};
		8C2E844022A1689300312EF9 /* Sound Files */ = {
			isa = PBXGroup;
			children = (
				8C2E843A22A1688700312EF9 /* 1000heridas.ogg */,
				8C2E843922A1688700312EF9 /* intentalo.ogg */,
				8C2E843622A1688600312EF9 /* noFacil.ogg */,
				8C2E843722A1688600312EF9 /* noQuiero.ogg */,
				8C2E843822A1688700312EF9 /* olvidala.ogg */,
			);
			path = "Sound Files";
			sourceTree = "<group>";
		};
/* End PBXGroup section */

/* Begin PBXNativeTarget section */
		8C2E842022A15F5C00312EF9 /* Vallenato */ = {
			isa = PBXNativeTarget;
			buildConfigurationList = 8C2E843322A15F5E00312EF9 /* Build configuration list for PBXNativeTarget "Vallenato" */;
			buildPhases = (
				8C2E841D22A15F5C00312EF9 /* Sources */,
				8C2E841E22A15F5C00312EF9 /* Frameworks */,
				8C2E841F22A15F5C00312EF9 /* Resources */,
			);
			buildRules = (
			);
			dependencies = (
			);
			name = Vallenato;
			productName = Vallenato;
			productReference = 8C2E842122A15F5C00312EF9 /* Vallenato.app */;
			productType = "com.apple.product-type.application";
		};
/* End PBXNativeTarget section */

/* Begin PBXProject section */
		8C2E841922A15F5C00312EF9 /* Project object */ = {
			isa = PBXProject;
			attributes = {
				LastSwiftUpdateCheck = 1020;
				LastUpgradeCheck = 1020;
				ORGANIZATIONNAME = "Ricardo Avendaño";
				TargetAttributes = {
					8C2E842022A15F5C00312EF9 = {
						CreatedOnToolsVersion = 10.2.1;
					};
				};
			};
			buildConfigurationList = 8C2E841C22A15F5C00312EF9 /* Build configuration list for PBXProject "Vallenato" */;
			compatibilityVersion = "Xcode 11.0";
			developmentRegion = en;
			hasScannedForEncodings = 0;
			knownRegions = (
				en,
				Base,
			);
			mainGroup = 8C2E841822A15F5C00312EF9;
			productRefGroup = 8C2E842222A15F5C00312EF9 /* Products */;
			projectDirPath = "";
			projectRoot = "";
			targets = (
				8C2E842022A15F5C00312EF9 /* Vallenato */,
			);
		};
/* End PBXProject section */

/* Begin PBXResourcesBuildPhase section */
		8C2E841F22A15F5C00312EF9 /* Resources */ = {
			isa = PBXResourcesBuildPhase;
			buildActionMask = 2147483647;
			files = (
				8C2E842F22A15F5E00312EF9 /* LaunchScreen.storyboard in Resources */,
				8C2E842C22A15F5E00312EF9 /* Assets.xcassets in Resources */,
				8C2E843B22A1688700312EF9 /* noFacil.ogg in Resources */,
				8C2E843F22A1688700312EF9 /* 1000heridas.ogg in Resources */,
				8C2E843D22A1688700312EF9 /* olvidala.ogg in Resources */,
				8C2E843C22A1688700312EF9 /* noQuiero.ogg in Resources */,
				8C2E842A22A15F5C00312EF9 /* Main.storyboard in Resources */,
				8C2E843E22A1688700312EF9 /* intentalo.ogg in Resources */,
			);
			runOnlyForDeploymentPostprocessing = 0;
		};
/* End PBXResourcesBuildPhase section */

/* Begin PBXSourcesBuildPhase section */
		8C2E841D22A15F5C00312EF9 /* Sources */ = {
			isa = PBXSourcesBuildPhase;
			buildActionMask = 2147483647;
			files = (
				8C2E842722A15F5C00312EF9 /* ViewController.swift in Sources */,
				8C2E842522A15F5C00312EF9 /* AppDelegate.swift in Sources */,
			);
			runOnlyForDeploymentPostprocessing = 0;
		};
/* End PBXSourcesBuildPhase section */

/* Begin PBXVariantGroup section */
		8C2E842822A15F5C00312EF9 /* Main.storyboard */ = {
			isa = PBXVariantGroup;
			children = (
				8C2E842922A15F5C00312EF9 /* Base */,
			);
			name = Main.storyboard;
			sourceTree = "<group>";
		};
		8C2E842D22A15F5E00312EF9 /* LaunchScreen.storyboard */ = {
			isa = PBXVariantGroup;
			children = (
				8C2E842E22A15F5E00312EF9 /* Base */,
			);
			name = LaunchScreen.storyboard;
			sourceTree = "<group>";
		};
/* End PBXVariantGroup section */

/* Begin XCBuildConfiguration section */
		8C2E843122A15F5E00312EF9 /* Debug */ = {
			isa = XCBuildConfiguration;
			buildSettings = {
				ALWAYS_SEARCH_USER_PATHS = NO;
				CLANG_ANALYZER_NONNULL = YES;
				CLANG_ANALYZER_NUMBER_OBJECT_CONVERSION = YES_AGGRESSIVE;
				CLANG_CXX_LANGUAGE_STANDARD = "gnu++14";
				CLANG_CXX_LIBRARY = "libc++";
				CLANG_ENABLE_MODULES = YES;
				CLANG_ENABLE_OBJC_ARC = YES;
				CLANG_ENABLE_OBJC_WEAK = YES;
				CLANG_WARN_BLOCK_CAPTURE_AUTORELEASING = YES;
				CLANG_WARN_BOOL_CONVERSION = YES;
				CLANG_WARN_COMMA = YES;
				CLANG_WARN_CONSTANT_CONVERSION = YES;
				CLANG_WARN_DEPRECATED_OBJC_IMPLEMENTATIONS = YES;
				CLANG_WARN_DIRECT_OBJC_ISA_USAGE = YES_ERROR;
				CLANG_WARN_DOCUMENTATION_COMMENTS = YES;
				CLANG_WARN_EMPTY_BODY = YES;
				CLANG_WARN_ENUM_CONVERSION = YES;
				CLANG_WARN_INFINITE_RECURSION = YES;
				CLANG_WARN_INT_CONVERSION = YES;
				CLANG_WARN_NON_LITERAL_NULL_CONVERSION = YES;
				CLANG_WARN_OBJC_IMPLICIT_RETAIN_SELF = YES;
				CLANG_WARN_OBJC_LITERAL_CONVERSION = YES;
				CLANG_WARN_OBJC_ROOT_CLASS = YES_ERROR;
				CLANG_WARN_RANGE_LOOP_ANALYSIS = YES;
				CLANG_WARN_STRICT_PROTOTYPES = YES;
				CLANG_WARN_SUSPICIOUS_MOVE = YES;
				CLANG_WARN_UNGUARDED_AVAILABILITY = YES_AGGRESSIVE;
				CLANG_WARN_UNREACHABLE_CODE = YES;
				CLANG_WARN__DUPLICATE_METHOD_MATCH = YES;
				CODE_SIGN_IDENTITY = "iPhone Developer";
				COPY_PHASE_STRIP = NO;
				DEBUG_INFORMATION_FORMAT = dwarf;
				ENABLE_STRICT_OBJC_MSGSEND = YES;
				ENABLE_TESTABILITY = YES;
				GCC_C_LANGUAGE_STANDARD = gnu11;
				GCC_DYNAMIC_NO_PIC = NO;
				GCC_NO_COMMON_BLOCKS = YES;
				GCC_OPTIMIZATION_LEVEL = 0;
				GCC_PREPROCESSOR_DEFINITIONS = (
					"DEBUG=1",
					"$(inherited)",
				);
				GCC_WARN_64_TO_32_BIT_CONVERSION = YES;
				GCC_WARN_ABOUT_RETURN_TYPE = YES_ERROR;
				GCC_WARN_UNDECLARED_SELECTOR = YES;
				GCC_WARN_UNINITIALIZED_AUTOS = YES_AGGRESSIVE;
				GCC_WARN_UNUSED_FUNCTION = YES;
				GCC_WARN_UNUSED_VARIABLE = YES;
				IPHONEOS_DEPLOYMENT_TARGET = 12.2;
				MTL_ENABLE_DEBUG_INFO = INCLUDE_SOURCE;
				MTL_FAST_MATH = YES;
				ONLY_ACTIVE_ARCH = YES;
				SDKROOT = iphoneos;
				SWIFT_ACTIVE_COMPILATION_CONDITIONS = DEBUG;
				SWIFT_OPTIMIZATION_LEVEL = "-Onone";
			};
			name = Debug;
		};
		8C2E843222A15F5E00312EF9 /* Release */ = {
			isa = XCBuildConfiguration;
			buildSettings = {
				ALWAYS_SEARCH_USER_PATHS = NO;
				CLANG_ANALYZER_NONNULL = YES;
				CLANG_ANALYZER_NUMBER_OBJECT_CONVERSION = YES_AGGRESSIVE;
				CLANG_CXX_LANGUAGE_STANDARD = "gnu++14";
				CLANG_CXX_LIBRARY = "libc++";
				CLANG_ENABLE_MODULES = YES;
				CLANG_ENABLE_OBJC_ARC = YES;
				CLANG_ENABLE_OBJC_WEAK = YES;
				CLANG_WARN_BLOCK_CAPTURE_AUTORELEASING = YES;
				CLANG_WARN_BOOL_CONVERSION = YES;
				CLANG_WARN_COMMA = YES;
				CLANG_WARN_CONSTANT_CONVERSION = YES;
				CLANG_WARN_DEPRECATED_OBJC_IMPLEMENTATIONS = YES;
				CLANG_WARN_DIRECT_OBJC_ISA_USAGE = YES_ERROR;
				CLANG_WARN_DOCUMENTATION_COMMENTS = YES;
				CLANG_WARN_EMPTY_BODY = YES;
				CLANG_WARN_ENUM_CONVERSION = YES;
				CLANG_WARN_INFINITE_RECURSION = YES;
				CLANG_WARN_INT_CONVERSION = YES;
				CLANG_WARN_NON_LITERAL_NULL_CONVERSION = YES;
				CLANG_WARN_OBJC_IMPLICIT_RETAIN_SELF = YES;
				CLANG_WARN_OBJC_LITERAL_CONVERSION = YES;
				CLANG_WARN_OBJC_ROOT_CLASS = YES_ERROR;
				CLANG_WARN_RANGE_LOOP_ANALYSIS = YES;
				CLANG_WARN_STRICT_PROTOTYPES = YES;
				CLANG_WARN_SUSPICIOUS_MOVE = YES;
				CLANG_WARN_UNGUARDED_AVAILABILITY = YES_AGGRESSIVE;
				CLANG_WARN_UNREACHABLE_CODE = YES;
				CLANG_WARN__DUPLICATE_METHOD_MATCH = YES;
				CODE_SIGN_IDENTITY = "iPhone Developer";
				COPY_PHASE_STRIP = NO;
				DEBUG_INFORMATION_FORMAT = "dwarf-with-dsym";
				ENABLE_NS_ASSERTIONS = NO;
				ENABLE_STRICT_OBJC_MSGSEND = YES;
				GCC_C_LANGUAGE_STANDARD = gnu11;
				GCC_NO_COMMON_BLOCKS = YES;
				GCC_WARN_64_TO_32_BIT_CONVERSION = YES;
				GCC_WARN_ABOUT_RETURN_TYPE = YES_ERROR;
				GCC_WARN_UNDECLARED_SELECTOR = YES;
				GCC_WARN_UNINITIALIZED_AUTOS = YES_AGGRESSIVE;
				GCC_WARN_UNUSED_FUNCTION = YES;
				GCC_WARN_UNUSED_VARIABLE = YES;
				IPHONEOS_DEPLOYMENT_TARGET = 12.2;
				MTL_ENABLE_DEBUG_INFO = NO;
				MTL_FAST_MATH = YES;
				SDKROOT = iphoneos;
				SWIFT_COMPILATION_MODE = wholemodule;
				SWIFT_OPTIMIZATION_LEVEL = "-O";
				VALIDATE_PRODUCT = YES;
			};
			name = Release;
		};
		8C2E843422A15F5E00312EF9 /* Debug */ = {
			isa = XCBuildConfiguration;
			buildSettings = {
				ASSETCATALOG_COMPILER_APPICON_NAME = AppIcon;
				CODE_SIGN_STYLE = Automatic;
				DEVELOPMENT_TEAM = WPAZ7Y5G8H;
				INFOPLIST_FILE = Vallenato/Info.plist;
				LD_RUNPATH_SEARCH_PATHS = (
					"$(inherited)",
					"@executable_path/Frameworks",
				);
				PRODUCT_BUNDLE_IDENTIFIER = com.chillguire.Vallenato;
				PRODUCT_NAME = "$(TARGET_NAME)";
				SWIFT_VERSION = 5.0;
				TARGETED_DEVICE_FAMILY = 1;
			};
			name = Debug;
		};
		8C2E843522A15F5E00312EF9 /* Release */ = {
			isa = XCBuildConfiguration;
			buildSettings = {
				ASSETCATALOG_COMPILER_APPICON_NAME = AppIcon;
				CODE_SIGN_STYLE = Automatic;
				DEVELOPMENT_TEAM = WPAZ7Y5G8H;
				INFOPLIST_FILE = Vallenato/Info.plist;
				LD_RUNPATH_SEARCH_PATHS = (
					"$(inherited)",
					"@executable_path/Frameworks",
				);
				PRODUCT_BUNDLE_IDENTIFIER = com.chillguire.Vallenato;
				PRODUCT_NAME = "$(TARGET_NAME)";
				SWIFT_VERSION = 5.0;
				TARGETED_DEVICE_FAMILY = 1;
			};
			name = Release;
		};
/* End XCBuildConfiguration section */

/* Begin XCConfigurationList section */
		8C2E841C22A15F5C00312EF9 /* Build configuration list for PBXProject "Vallenato" */ = {
			isa = XCConfigurationList;
			buildConfigurations = (
				8C2E843122A15F5E00312EF9 /* Debug */,
				8C2E843222A15F5E00312EF9 /* Release */,
			);
			defaultConfigurationIsVisible = 0;
			defaultConfigurationName = Release;
		};
		8C2E843322A15F5E00312EF9 /* Build configuration list for PBXNativeTarget "Vallenato" */ = {
			isa = XCConfigurationList;
			buildConfigurations = (
				8C2E843422A15F5E00312EF9 /* Debug */,
				8C2E843522A15F5E00312EF9 /* Release */,
			);
			defaultConfigurationIsVisible = 0;
			defaultConfigurationName = Release;
		};
/* End XCConfigurationList section */
	};
	rootObject = 8C2E841922A15F5C00312EF9 /* Project object */;
}
